
Microsoft Visual Studio Solution File, Format Version 12.00
# Visual Studio Version 16
VisualStudioVersion = 16.0.29021.104
MinimumVisualStudioVersion = 10.0.40219.1
Project("{FAE04EC0-301F-11D3-BF4B-00C04F79EFBC}") = "TestLinkConverter", "TestLinkConverter\TestLinkConverter.csproj", "{A261726B-3D59-4AD8-9163-02733FA0BAF3}"
EndProject
Project("{FAE04EC0-301F-11D3-BF4B-00C04F79EFBC}") = "ConvertModel", "ConvertModel\ConvertModel.csproj", "{6C5EF48D-E57D-43E0-958B-AC8A136DC524}"
EndProject
Project("{FAE04EC0-301F-11D3-BF4B-00C04F79EFBC}") = "ConvertLibrary", "ConvertLibrary\ConvertLibrary.csproj", "{8492C65F-3147-49D8-BD27-8FAD6165A27E}"
EndProject
Project("{FAE04EC0-301F-11D3-BF4B-00C04F79EFBC}") = "ConvertLibTest", "ConvertLibTest\ConvertLibTest.csproj", "{3FC8F9C9-D4A5-4332-8E44-A95C5F127069}"
EndProject
Project("{54435603-DBB4-11D2-8724-00A0C9A8B90C}") = "TestLinkConverterSetup", "TestLinkConverterSetup\TestLinkConverterSetup.vdproj", "{86783173-3CDE-4205-B7BC-7679E6BBA6E8}"
EndProject
Global
	GlobalSection(SolutionConfigurationPlatforms) = preSolution
		CD_ROM|Any CPU = CD_ROM|Any CPU
		Debug|Any CPU = Debug|Any CPU
		DVD-5|Any CPU = DVD-5|Any CPU
		Release|Any CPU = Release|Any CPU
		SingleImage|Any CPU = SingleImage|Any CPU
	EndGlobalSection
	GlobalSection(ProjectConfigurationPlatforms) = postSolution
		{A261726B-3D59-4AD8-9163-02733FA0BAF3}.CD_ROM|Any CPU.ActiveCfg = Release|Any CPU
		{A261726B-3D59-4AD8-9163-02733FA0BAF3}.CD_ROM|Any CPU.Build.0 = Release|Any CPU
		{A261726B-3D59-4AD8-9163-02733FA0BAF3}.Debug|Any CPU.ActiveCfg = Debug|Any CPU
		{A261726B-3D59-4AD8-9163-02733FA0BAF3}.Debug|Any CPU.Build.0 = Debug|Any CPU
		{A261726B-3D59-4AD8-9163-02733FA0BAF3}.DVD-5|Any CPU.ActiveCfg = Debug|Any CPU
		{A261726B-3D59-4AD8-9163-02733FA0BAF3}.DVD-5|Any CPU.Build.0 = Debug|Any CPU
		{A261726B-3D59-4AD8-9163-02733FA0BAF3}.Release|Any CPU.ActiveCfg = Release|Any CPU
		{A261726B-3D59-4AD8-9163-02733FA0BAF3}.Release|Any CPU.Build.0 = Release|Any CPU
		{A261726B-3D59-4AD8-9163-02733FA0BAF3}.SingleImage|Any CPU.ActiveCfg = Release|Any CPU
		{A261726B-3D59-4AD8-9163-02733FA0BAF3}.SingleImage|Any CPU.Build.0 = Release|Any CPU
		{6C5EF48D-E57D-43E0-958B-AC8A136DC524}.CD_ROM|Any CPU.ActiveCfg = Release|Any CPU
		{6C5EF48D-E57D-43E0-958B-AC8A136DC524}.CD_ROM|Any CPU.Build.0 = Release|Any CPU
		{6C5EF48D-E57D-43E0-958B-AC8A136DC524}.Debug|Any CPU.ActiveCfg = Debug|Any CPU
		{6C5EF48D-E57D-43E0-958B-AC8A136DC524}.Debug|Any CPU.Build.0 = Debug|Any CPU
		{6C5EF48D-E57D-43E0-958B-AC8A136DC524}.DVD-5|Any CPU.ActiveCfg = Debug|Any CPU
		{6C5EF48D-E57D-43E0-958B-AC8A136DC524}.DVD-5|Any CPU.Build.0 = Debug|Any CPU
		{6C5EF48D-E57D-43E0-958B-AC8A136DC524}.Release|Any CPU.ActiveCfg = Release|Any CPU
		{6C5EF48D-E57D-43E0-958B-AC8A136DC524}.Release|Any CPU.Build.0 = Release|Any CPU
		{6C5EF48D-E57D-43E0-958B-AC8A136DC524}.SingleImage|Any CPU.ActiveCfg = Release|Any CPU
		{6C5EF48D-E57D-43E0-958B-AC8A136DC524}.SingleImage|Any CPU.Build.0 = Release|Any CPU
		{8492C65F-3147-49D8-BD27-8FAD6165A27E}.CD_ROM|Any CPU.ActiveCfg = Release|Any CPU
		{8492C65F-3147-49D8-BD27-8FAD6165A27E}.CD_ROM|Any CPU.Build.0 = Release|Any CPU
		{8492C65F-3147-49D8-BD27-8FAD6165A27E}.Debug|Any CPU.ActiveCfg = Debug|Any CPU
		{8492C65F-3147-49D8-BD27-8FAD6165A27E}.Debug|Any CPU.Build.0 = Debug|Any CPU
		{8492C65F-3147-49D8-BD27-8FAD6165A27E}.DVD-5|Any CPU.ActiveCfg = Debug|Any CPU
		{8492C65F-3147-49D8-BD27-8FAD6165A27E}.DVD-5|Any CPU.Build.0 = Debug|Any CPU
		{8492C65F-3147-49D8-BD27-8FAD6165A27E}.Release|Any CPU.ActiveCfg = Release|Any CPU
		{8492C65F-3147-49D8-BD27-8FAD6165A27E}.Release|Any CPU.Build.0 = Release|Any CPU
		{8492C65F-3147-49D8-BD27-8FAD6165A27E}.SingleImage|Any CPU.ActiveCfg = Release|Any CPU
		{8492C65F-3147-49D8-BD27-8FAD6165A27E}.SingleImage|Any CPU.Build.0 = Release|Any CPU
		{3FC8F9C9-D4A5-4332-8E44-A95C5F127069}.CD_ROM|Any CPU.ActiveCfg = Release|Any CPU
		{3FC8F9C9-D4A5-4332-8E44-A95C5F127069}.CD_ROM|Any CPU.Build.0 = Release|Any CPU
		{3FC8F9C9-D4A5-4332-8E44-A95C5F127069}.Debug|Any CPU.ActiveCfg = Debug|Any CPU
		{3FC8F9C9-D4A5-4332-8E44-A95C5F127069}.Debug|Any CPU.Build.0 = Debug|Any CPU
		{3FC8F9C9-D4A5-4332-8E44-A95C5F127069}.DVD-5|Any CPU.ActiveCfg = Debug|Any CPU
		{3FC8F9C9-D4A5-4332-8E44-A95C5F127069}.DVD-5|Any CPU.Build.0 = Debug|Any CPU
		{3FC8F9C9-D4A5-4332-8E44-A95C5F127069}.Release|Any CPU.ActiveCfg = Release|Any CPU
		{3FC8F9C9-D4A5-4332-8E44-A95C5F127069}.Release|Any CPU.Build.0 = Release|Any CPU
		{3FC8F9C9-D4A5-4332-8E44-A95C5F127069}.SingleImage|Any CPU.ActiveCfg = Release|Any CPU
		{3FC8F9C9-D4A5-4332-8E44-A95C5F127069}.SingleImage|Any CPU.Build.0 = Release|Any CPU
		{86783173-3CDE-4205-B7BC-7679E6BBA6E8}.CD_ROM|Any CPU.ActiveCfg = Release
		{86783173-3CDE-4205-B7BC-7679E6BBA6E8}.Debug|Any CPU.ActiveCfg = Debug
		{86783173-3CDE-4205-B7BC-7679E6BBA6E8}.DVD-5|Any CPU.ActiveCfg = Debug
		{86783173-3CDE-4205-B7BC-7679E6BBA6E8}.Release|Any CPU.ActiveCfg = Release
		{86783173-3CDE-4205-B7BC-7679E6BBA6E8}.SingleImage|Any CPU.ActiveCfg = Release
	EndGlobalSection
	GlobalSection(SolutionProperties) = preSolution
		HideSolutionNode = FALSE
	EndGlobalSection
	GlobalSection(ExtensibilityGlobals) = postSolution
		SolutionGuid = {78464FEB-0CDA-422C-89CC-F24CB88FFE99}
	EndGlobalSection
EndGlobal
